
Microsoft Visual Studio Solution File, Format Version 12.00
# Visual Studio Version 16
VisualStudioVersion = 16.0.29025.244
MinimumVisualStudioVersion = 10.0.40219.1
Project("{8BC9CEB8-8B4A-11D0-8D11-00A0C91BC942}") = "CuteSnake", "CuteSnake.vcxproj", "{E3DC5454-3CAA-42DC-8FD9-4C039A44D92A}"
EndProject
Global
	GlobalSection(SolutionConfigurationPlatforms) = preSolution
		Debug|x64 = Debug|x64
		Debug|x86 = Debug|x86
		Release|x64 = Release|x64
		Release|x86 = Release|x86
	EndGlobalSection
	GlobalSection(ProjectConfigurationPlatforms) = postSolution
		{E3DC5454-3CAA-42DC-8FD9-4C039A44D92A}.Debug|x64.ActiveCfg = Debug|x64
		{E3DC5454-3CAA-42DC-8FD9-4C039A44D92A}.Debug|x64.Build.0 = Debug|x64
		{E3DC5454-3CAA-42DC-8FD9-4C039A44D92A}.Debug|x86.ActiveCfg = Debug|Win32
		{E3DC5454-3CAA-42DC-8FD9-4C039A44D92A}.Debug|x86.Build.0 = Debug|Win32
		{E3DC5454-3CAA-42DC-8FD9-4C039A44D92A}.Release|x64.ActiveCfg = Release|x64
		{E3DC5454-3CAA-42DC-8FD9-4C039A44D92A}.Release|x64.Build.0 = Release|x64
		{E3DC5454-3CAA-42DC-8FD9-4C039A44D92A}.Release|x86.ActiveCfg = Release|Win32
		{E3DC5454-3CAA-42DC-8FD9-4C039A44D92A}.Release|x86.Build.0 = Release|Win32
	EndGlobalSection
	GlobalSection(SolutionProperties) = preSolution
		HideSolutionNode = FALSE
	EndGlobalSection
	GlobalSection(ExtensibilityGlobals) = postSolution
		SolutionGuid = {AC0DC72B-32D9-43B3-AC0D-909337CEFED4}
	EndGlobalSection
EndGlobal
